// !$*UTF8*$!
{
	archiveVersion = 1;
	classes = {
	};
	objectVersion = 46;
	objects = {

/* Begin PBXBuildFile section */
		A46BA31E1F189AF500BEA4AC /* cameraVC.swift in Sources */ = {isa = PBXBuildFile; fileRef = A46BA31D1F189AF500BEA4AC /* cameraVC.swift */; };
		A4D717481F2AFFB00007AA85 /* photoPreviewVC.swift in Sources */ = {isa = PBXBuildFile; fileRef = A4D717471F2AFFB00007AA85 /* photoPreviewVC.swift */; };
		A4D717501F2D25BC0007AA85 /* dic.swift in Sources */ = {isa = PBXBuildFile; fileRef = A4D7174F1F2D25BC0007AA85 /* dic.swift */; };
		A4F8800F1F0E198700FF0EEC /* AppDelegate.swift in Sources */ = {isa = PBXBuildFile; fileRef = A4F8800E1F0E198700FF0EEC /* AppDelegate.swift */; };
		A4F880111F0E198700FF0EEC /* loginVC.swift in Sources */ = {isa = PBXBuildFile; fileRef = A4F880101F0E198700FF0EEC /* loginVC.swift */; };
		A4F880141F0E198700FF0EEC /* Main.storyboard in Resources */ = {isa = PBXBuildFile; fileRef = A4F880121F0E198700FF0EEC /* Main.storyboard */; };
		A4F880161F0E198700FF0EEC /* Assets.xcassets in Resources */ = {isa = PBXBuildFile; fileRef = A4F880151F0E198700FF0EEC /* Assets.xcassets */; };
		A4F880191F0E198700FF0EEC /* LaunchScreen.storyboard in Resources */ = {isa = PBXBuildFile; fileRef = A4F880171F0E198700FF0EEC /* LaunchScreen.storyboard */; };
		A4F880241F0E198700FF0EEC /* AlliedRentACarUITests.swift in Sources */ = {isa = PBXBuildFile; fileRef = A4F880231F0E198700FF0EEC /* AlliedRentACarUITests.swift */; };
		A4F8802F1F148C3D00FF0EEC /* dashboardVC.swift in Sources */ = {isa = PBXBuildFile; fileRef = A4F8802E1F148C3D00FF0EEC /* dashboardVC.swift */; };
		A4F880311F148C9D00FF0EEC /* loginVC2.swift in Sources */ = {isa = PBXBuildFile; fileRef = A4F880301F148C9D00FF0EEC /* loginVC2.swift */; };
/* End PBXBuildFile section */

/* Begin PBXContainerItemProxy section */
		A4F880201F0E198700FF0EEC /* PBXContainerItemProxy */ = {
			isa = PBXContainerItemProxy;
			containerPortal = A4F880031F0E198700FF0EEC /* Project object */;
			proxyType = 1;
			remoteGlobalIDString = A4F8800A1F0E198700FF0EEC;
			remoteInfo = AlliedRentACar;
		};
/* End PBXContainerItemProxy section */

/* Begin PBXFileReference section */
		A46BA31D1F189AF500BEA4AC /* cameraVC.swift */ = {isa = PBXFileReference; fileEncoding = 4; lastKnownFileType = sourcecode.swift; path = cameraVC.swift; sourceTree = "<group>"; };
		A4D717471F2AFFB00007AA85 /* photoPreviewVC.swift */ = {isa = PBXFileReference; fileEncoding = 4; lastKnownFileType = sourcecode.swift; path = photoPreviewVC.swift; sourceTree = "<group>"; };
		A4D7174F1F2D25BC0007AA85 /* dic.swift */ = {isa = PBXFileReference; fileEncoding = 4; lastKnownFileType = sourcecode.swift; path = dic.swift; sourceTree = "<group>"; };
		A4F8800B1F0E198700FF0EEC /* AlliedRentACar.app */ = {isa = PBXFileReference; explicitFileType = wrapper.application; includeInIndex = 0; path = AlliedRentACar.app; sourceTree = BUILT_PRODUCTS_DIR; };
		A4F8800E1F0E198700FF0EEC /* AppDelegate.swift */ = {isa = PBXFileReference; lastKnownFileType = sourcecode.swift; path = AppDelegate.swift; sourceTree = "<group>"; };
		A4F880101F0E198700FF0EEC /* loginVC.swift */ = {isa = PBXFileReference; lastKnownFileType = sourcecode.swift; path = loginVC.swift; sourceTree = "<group>"; };
		A4F880131F0E198700FF0EEC /* Base */ = {isa = PBXFileReference; lastKnownFileType = file.storyboard; name = Base; path = Base.lproj/Main.storyboard; sourceTree = "<group>"; };
		A4F880151F0E198700FF0EEC /* Assets.xcassets */ = {isa = PBXFileReference; lastKnownFileType = folder.assetcatalog; path = Assets.xcassets; sourceTree = "<group>"; };
		A4F880181F0E198700FF0EEC /* Base */ = {isa = PBXFileReference; lastKnownFileType = file.storyboard; name = Base; path = Base.lproj/LaunchScreen.storyboard; sourceTree = "<group>"; };
		A4F8801A1F0E198700FF0EEC /* Info.plist */ = {isa = PBXFileReference; lastKnownFileType = text.plist.xml; path = Info.plist; sourceTree = "<group>"; };
		A4F8801F1F0E198700FF0EEC /* AlliedRentACarUITests.xctest */ = {isa = PBXFileReference; explicitFileType = wrapper.cfbundle; includeInIndex = 0; path = AlliedRentACarUITests.xctest; sourceTree = BUILT_PRODUCTS_DIR; };
		A4F880231F0E198700FF0EEC /* AlliedRentACarUITests.swift */ = {isa = PBXFileReference; lastKnownFileType = sourcecode.swift; path = AlliedRentACarUITests.swift; sourceTree = "<group>"; };
		A4F880251F0E198700FF0EEC /* Info.plist */ = {isa = PBXFileReference; lastKnownFileType = text.plist.xml; path = Info.plist; sourceTree = "<group>"; };
		A4F8802E1F148C3D00FF0EEC /* dashboardVC.swift */ = {isa = PBXFileReference; fileEncoding = 4; lastKnownFileType = sourcecode.swift; path = dashboardVC.swift; sourceTree = "<group>"; };
		A4F880301F148C9D00FF0EEC /* loginVC2.swift */ = {isa = PBXFileReference; fileEncoding = 4; lastKnownFileType = sourcecode.swift; path = loginVC2.swift; sourceTree = "<group>"; };
/* End PBXFileReference section */

/* Begin PBXFrameworksBuildPhase section */
		A4F880081F0E198700FF0EEC /* Frameworks */ = {
			isa = PBXFrameworksBuildPhase;
			buildActionMask = 2147483647;
			files = (
			);
			runOnlyForDeploymentPostprocessing = 0;
		};
		A4F8801C1F0E198700FF0EEC /* Frameworks */ = {
			isa = PBXFrameworksBuildPhase;
			buildActionMask = 2147483647;
			files = (
			);
			runOnlyForDeploymentPostprocessing = 0;
		};
/* End PBXFrameworksBuildPhase section */

/* Begin PBXGroup section */
		A4F880021F0E198700FF0EEC = {
			isa = PBXGroup;
			children = (
				A4F8800D1F0E198700FF0EEC /* AlliedRentACar */,
				A4F880221F0E198700FF0EEC /* AlliedRentACarUITests */,
				A4F8800C1F0E198700FF0EEC /* Products */,
			);
			sourceTree = "<group>";
		};
		A4F8800C1F0E198700FF0EEC /* Products */ = {
			isa = PBXGroup;
			children = (
				A4F8800B1F0E198700FF0EEC /* AlliedRentACar.app */,
				A4F8801F1F0E198700FF0EEC /* AlliedRentACarUITests.xctest */,
			);
			name = Products;
			sourceTree = "<group>";
		};
		A4F8800D1F0E198700FF0EEC /* AlliedRentACar */ = {
			isa = PBXGroup;
			children = (
				A4F8800E1F0E198700FF0EEC /* AppDelegate.swift */,
				A4F880101F0E198700FF0EEC /* loginVC.swift */,
				A4F880121F0E198700FF0EEC /* Main.storyboard */,
				A4F880151F0E198700FF0EEC /* Assets.xcassets */,
				A4F880171F0E198700FF0EEC /* LaunchScreen.storyboard */,
				A4F8801A1F0E198700FF0EEC /* Info.plist */,
				A4F8802E1F148C3D00FF0EEC /* dashboardVC.swift */,
				A4F880301F148C9D00FF0EEC /* loginVC2.swift */,
				A46BA31D1F189AF500BEA4AC /* cameraVC.swift */,
				A4D717471F2AFFB00007AA85 /* photoPreviewVC.swift */,
				A4D7174F1F2D25BC0007AA85 /* dic.swift */,
			);
			path = AlliedRentACar;
			sourceTree = "<group>";
		};
		A4F880221F0E198700FF0EEC /* AlliedRentACarUITests */ = {
			isa = PBXGroup;
			children = (
				A4F880231F0E198700FF0EEC /* AlliedRentACarUITests.swift */,
				A4F880251F0E198700FF0EEC /* Info.plist */,
			);
			path = AlliedRentACarUITests;
			sourceTree = "<group>";
		};
/* End PBXGroup section */

/* Begin PBXNativeTarget section */
		A4F8800A1F0E198700FF0EEC /* AlliedRentACar */ = {
			isa = PBXNativeTarget;
			buildConfigurationList = A4F880281F0E198700FF0EEC /* Build configuration list for PBXNativeTarget "AlliedRentACar" */;
			buildPhases = (
				A4F880071F0E198700FF0EEC /* Sources */,
				A4F880081F0E198700FF0EEC /* Frameworks */,
				A4F880091F0E198700FF0EEC /* Resources */,
			);
			buildRules = (
			);
			dependencies = (
			);
			name = AlliedRentACar;
			productName = AlliedRentACar;
			productReference = A4F8800B1F0E198700FF0EEC /* AlliedRentACar.app */;
			productType = "com.apple.product-type.application";
		};
		A4F8801E1F0E198700FF0EEC /* AlliedRentACarUITests */ = {
			isa = PBXNativeTarget;
			buildConfigurationList = A4F8802B1F0E198700FF0EEC /* Build configuration list for PBXNativeTarget "AlliedRentACarUITests" */;
			buildPhases = (
				A4F8801B1F0E198700FF0EEC /* Sources */,
				A4F8801C1F0E198700FF0EEC /* Frameworks */,
				A4F8801D1F0E198700FF0EEC /* Resources */,
			);
			buildRules = (
			);
			dependencies = (
				A4F880211F0E198700FF0EEC /* PBXTargetDependency */,
			);
			name = AlliedRentACarUITests;
			productName = AlliedRentACarUITests;
			productReference = A4F8801F1F0E198700FF0EEC /* AlliedRentACarUITests.xctest */;
			productType = "com.apple.product-type.bundle.ui-testing";
		};
/* End PBXNativeTarget section */

/* Begin PBXProject section */
		A4F880031F0E198700FF0EEC /* Project object */ = {
			isa = PBXProject;
			attributes = {
				LastSwiftUpdateCheck = 0830;
				LastUpgradeCheck = 0830;
				ORGANIZATIONNAME = sun;
				TargetAttributes = {
					A4F8800A1F0E198700FF0EEC = {
						CreatedOnToolsVersion = 8.3.3;
						DevelopmentTeam = JUTPFCGNCS;
						ProvisioningStyle = Automatic;
					};
					A4F8801E1F0E198700FF0EEC = {
						CreatedOnToolsVersion = 8.3.3;
						ProvisioningStyle = Automatic;
						TestTargetID = A4F8800A1F0E198700FF0EEC;
					};
				};
			};
			buildConfigurationList = A4F880061F0E198700FF0EEC /* Build configuration list for PBXProject "AlliedRentACar" */;
			compatibilityVersion = "Xcode 3.2";
			developmentRegion = English;
			hasScannedForEncodings = 0;
			knownRegions = (
				en,
				Base,
			);
			mainGroup = A4F880021F0E198700FF0EEC;
			productRefGroup = A4F8800C1F0E198700FF0EEC /* Products */;
			projectDirPath = "";
			projectRoot = "";
			targets = (
				A4F8800A1F0E198700FF0EEC /* AlliedRentACar */,
				A4F8801E1F0E198700FF0EEC /* AlliedRentACarUITests */,
			);
		};
/* End PBXProject section */

/* Begin PBXResourcesBuildPhase section */
		A4F880091F0E198700FF0EEC /* Resources */ = {
			isa = PBXResourcesBuildPhase;
			buildActionMask = 2147483647;
			files = (
				A4F880191F0E198700FF0EEC /* LaunchScreen.storyboard in Resources */,
				A4F880161F0E198700FF0EEC /* Assets.xcassets in Resources */,
				A4F880141F0E198700FF0EEC /* Main.storyboard in Resources */,
			);
			runOnlyForDeploymentPostprocessing = 0;
		};
		A4F8801D1F0E198700FF0EEC /* Resources */ = {
			isa = PBXResourcesBuildPhase;
			buildActionMask = 2147483647;
			files = (
			);
			runOnlyForDeploymentPostprocessing = 0;
		};
/* End PBXResourcesBuildPhase section */

/* Begin PBXSourcesBuildPhase section */
		A4F880071F0E198700FF0EEC /* Sources */ = {
			isa = PBXSourcesBuildPhase;
			buildActionMask = 2147483647;
			files = (
				A4F880111F0E198700FF0EEC /* loginVC.swift in Sources */,
				A4F880311F148C9D00FF0EEC /* loginVC2.swift in Sources */,
				A46BA31E1F189AF500BEA4AC /* cameraVC.swift in Sources */,
				A4F8800F1F0E198700FF0EEC /* AppDelegate.swift in Sources */,
				A4D717501F2D25BC0007AA85 /* dic.swift in Sources */,
				A4D717481F2AFFB00007AA85 /* photoPreviewVC.swift in Sources */,
				A4F8802F1F148C3D00FF0EEC /* dashboardVC.swift in Sources */,
			);
			runOnlyForDeploymentPostprocessing = 0;
		};
		A4F8801B1F0E198700FF0EEC /* Sources */ = {
			isa = PBXSourcesBuildPhase;
			buildActionMask = 2147483647;
			files = (
				A4F880241F0E198700FF0EEC /* AlliedRentACarUITests.swift in Sources */,
			);
			runOnlyForDeploymentPostprocessing = 0;
		};
/* End PBXSourcesBuildPhase section */

/* Begin PBXTargetDependency section */
		A4F880211F0E198700FF0EEC /* PBXTargetDependency */ = {
			isa = PBXTargetDependency;
			target = A4F8800A1F0E198700FF0EEC /* AlliedRentACar */;
			targetProxy = A4F880201F0E198700FF0EEC /* PBXContainerItemProxy */;
		};
/* End PBXTargetDependency section */

/* Begin PBXVariantGroup section */
		A4F880121F0E198700FF0EEC /* Main.storyboard */ = {
			isa = PBXVariantGroup;
			children = (
				A4F880131F0E198700FF0EEC /* Base */,
			);
			name = Main.storyboard;
			sourceTree = "<group>";
		};
		A4F880171F0E198700FF0EEC /* LaunchScreen.storyboard */ = {
			isa = PBXVariantGroup;
			children = (
				A4F880181F0E198700FF0EEC /* Base */,
			);
			name = LaunchScreen.storyboard;
			sourceTree = "<group>";
		};
/* End PBXVariantGroup section */

/* Begin XCBuildConfiguration section */
		A4F880261F0E198700FF0EEC /* Debug */ = {
			isa = XCBuildConfiguration;
			buildSettings = {
				ALWAYS_SEARCH_USER_PATHS = NO;
				CLANG_ANALYZER_NONNULL = YES;
				CLANG_ANALYZER_NUMBER_OBJECT_CONVERSION = YES_AGGRESSIVE;
				CLANG_CXX_LANGUAGE_STANDARD = "gnu++0x";
				CLANG_CXX_LIBRARY = "libc++";
				CLANG_ENABLE_MODULES = YES;
				CLANG_ENABLE_OBJC_ARC = YES;
				CLANG_WARN_BOOL_CONVERSION = YES;
				CLANG_WARN_CONSTANT_CONVERSION = YES;
				CLANG_WARN_DIRECT_OBJC_ISA_USAGE = YES_ERROR;
				CLANG_WARN_DOCUMENTATION_COMMENTS = YES;
				CLANG_WARN_EMPTY_BODY = YES;
				CLANG_WARN_ENUM_CONVERSION = YES;
				CLANG_WARN_INFINITE_RECURSION = YES;
				CLANG_WARN_INT_CONVERSION = YES;
				CLANG_WARN_OBJC_ROOT_CLASS = YES_ERROR;
				CLANG_WARN_SUSPICIOUS_MOVE = YES;
				CLANG_WARN_UNREACHABLE_CODE = YES;
				CLANG_WARN__DUPLICATE_METHOD_MATCH = YES;
				"CODE_SIGN_IDENTITY[sdk=iphoneos*]" = "iPhone Developer";
				COPY_PHASE_STRIP = NO;
				DEBUG_INFORMATION_FORMAT = dwarf;
				ENABLE_STRICT_OBJC_MSGSEND = YES;
				ENABLE_TESTABILITY = YES;
				GCC_C_LANGUAGE_STANDARD = gnu99;
				GCC_DYNAMIC_NO_PIC = NO;
				GCC_NO_COMMON_BLOCKS = YES;
				GCC_OPTIMIZATION_LEVEL = 0;
				GCC_PREPROCESSOR_DEFINITIONS = (
					"DEBUG=1",
					"$(inherited)",
				);
				GCC_WARN_64_TO_32_BIT_CONVERSION = YES;
				GCC_WARN_ABOUT_RETURN_TYPE = YES_ERROR;
				GCC_WARN_UNDECLARED_SELECTOR = YES;
				GCC_WARN_UNINITIALIZED_AUTOS = YES_AGGRESSIVE;
				GCC_WARN_UNUSED_FUNCTION = YES;
				GCC_WARN_UNUSED_VARIABLE = YES;
				IPHONEOS_DEPLOYMENT_TARGET = 10.3;
				MTL_ENABLE_DEBUG_INFO = YES;
				ONLY_ACTIVE_ARCH = YES;
				SDKROOT = iphoneos;
				SWIFT_ACTIVE_COMPILATION_CONDITIONS = DEBUG;
				SWIFT_OPTIMIZATION_LEVEL = "-Onone";
				TARGETED_DEVICE_FAMILY = "1,2";
			};
			name = Debug;
		};
		A4F880271F0E198700FF0EEC /* Release */ = {
			isa = XCBuildConfiguration;
			buildSettings = {
				ALWAYS_SEARCH_USER_PATHS = NO;
				CLANG_ANALYZER_NONNULL = YES;
				CLANG_ANALYZER_NUMBER_OBJECT_CONVERSION = YES_AGGRESSIVE;
				CLANG_CXX_LANGUAGE_STANDARD = "gnu++0x";
				CLANG_CXX_LIBRARY = "libc++";
				CLANG_ENABLE_MODULES = YES;
				CLANG_ENABLE_OBJC_ARC = YES;
				CLANG_WARN_BOOL_CONVERSION = YES;
				CLANG_WARN_CONSTANT_CONVERSION = YES;
				CLANG_WARN_DIRECT_OBJC_ISA_USAGE = YES_ERROR;
				CLANG_WARN_DOCUMENTATION_COMMENTS = YES;
				CLANG_WARN_EMPTY_BODY = YES;
				CLANG_WARN_ENUM_CONVERSION = YES;
				CLANG_WARN_INFINITE_RECURSION = YES;
				CLANG_WARN_INT_CONVERSION = YES;
				CLANG_WARN_OBJC_ROOT_CLASS = YES_ERROR;
				CLANG_WARN_SUSPICIOUS_MOVE = YES;
				CLANG_WARN_UNREACHABLE_CODE = YES;
				CLANG_WARN__DUPLICATE_METHOD_MATCH = YES;
				"CODE_SIGN_IDENTITY[sdk=iphoneos*]" = "iPhone Developer";
				COPY_PHASE_STRIP = NO;
				DEBUG_INFORMATION_FORMAT = "dwarf-with-dsym";
				ENABLE_NS_ASSERTIONS = NO;
				ENABLE_STRICT_OBJC_MSGSEND = YES;
				GCC_C_LANGUAGE_STANDARD = gnu99;
				GCC_NO_COMMON_BLOCKS = YES;
				GCC_WARN_64_TO_32_BIT_CONVERSION = YES;
				GCC_WARN_ABOUT_RETURN_TYPE = YES_ERROR;
				GCC_WARN_UNDECLARED_SELECTOR = YES;
				GCC_WARN_UNINITIALIZED_AUTOS = YES_AGGRESSIVE;
				GCC_WARN_UNUSED_FUNCTION = YES;
				GCC_WARN_UNUSED_VARIABLE = YES;
				IPHONEOS_DEPLOYMENT_TARGET = 10.3;
				MTL_ENABLE_DEBUG_INFO = NO;
				SDKROOT = iphoneos;
				SWIFT_OPTIMIZATION_LEVEL = "-Owholemodule";
				TARGETED_DEVICE_FAMILY = "1,2";
				VALIDATE_PRODUCT = YES;
			};
			name = Release;
		};
		A4F880291F0E198700FF0EEC /* Debug */ = {
			isa = XCBuildConfiguration;
			buildSettings = {
				ASSETCATALOG_COMPILER_APPICON_NAME = AppIcon;
				DEVELOPMENT_TEAM = JUTPFCGNCS;
				INFOPLIST_FILE = AlliedRentACar/Info.plist;
				IPHONEOS_DEPLOYMENT_TARGET = 10.0;
				LD_RUNPATH_SEARCH_PATHS = "$(inherited) @executable_path/Frameworks";
				PRODUCT_BUNDLE_IDENTIFIER = com.laoniustudio.AlliedRentACar;
				PRODUCT_NAME = "$(TARGET_NAME)";
				SWIFT_VERSION = 3.0;
			};
			name = Debug;
		};
		A4F8802A1F0E198700FF0EEC /* Release */ = {
			isa = XCBuildConfiguration;
			buildSettings = {
				ASSETCATALOG_COMPILER_APPICON_NAME = AppIcon;
				DEVELOPMENT_TEAM = JUTPFCGNCS;
				INFOPLIST_FILE = AlliedRentACar/Info.plist;
				IPHONEOS_DEPLOYMENT_TARGET = 10.0;
				LD_RUNPATH_SEARCH_PATHS = "$(inherited) @executable_path/Frameworks";
				PRODUCT_BUNDLE_IDENTIFIER = com.laoniustudio.AlliedRentACar;
				PRODUCT_NAME = "$(TARGET_NAME)";
				SWIFT_VERSION = 3.0;
			};
			name = Release;
		};
		A4F8802C1F0E198700FF0EEC /* Debug */ = {
			isa = XCBuildConfiguration;
			buildSettings = {
				ALWAYS_EMBED_SWIFT_STANDARD_LIBRARIES = YES;
				INFOPLIST_FILE = AlliedRentACarUITests/Info.plist;
				LD_RUNPATH_SEARCH_PATHS = "$(inherited) @executable_path/Frameworks @loader_path/Frameworks";
				PRODUCT_BUNDLE_IDENTIFIER = com.laoniustudio.AlliedRentACarUITests;
				PRODUCT_NAME = "$(TARGET_NAME)";
				SWIFT_VERSION = 3.0;
				TEST_TARGET_NAME = AlliedRentACar;
			};
			name = Debug;
		};
		A4F8802D1F0E198700FF0EEC /* Release */ = {
			isa = XCBuildConfiguration;
			buildSettings = {
				ALWAYS_EMBED_SWIFT_STANDARD_LIBRARIES = YES;
				INFOPLIST_FILE = AlliedRentACarUITests/Info.plist;
				LD_RUNPATH_SEARCH_PATHS = "$(inherited) @executable_path/Frameworks @loader_path/Frameworks";
				PRODUCT_BUNDLE_IDENTIFIER = com.laoniustudio.AlliedRentACarUITests;
				PRODUCT_NAME = "$(TARGET_NAME)";
				SWIFT_VERSION = 3.0;
				TEST_TARGET_NAME = AlliedRentACar;
			};
			name = Release;
		};
/* End XCBuildConfiguration section */

/* Begin XCConfigurationList section */
		A4F880061F0E198700FF0EEC /* Build configuration list for PBXProject "AlliedRentACar" */ = {
			isa = XCConfigurationList;
			buildConfigurations = (
				A4F880261F0E198700FF0EEC /* Debug */,
				A4F880271F0E198700FF0EEC /* Release */,
			);
			defaultConfigurationIsVisible = 0;
			defaultConfigurationName = Release;
		};
		A4F880281F0E198700FF0EEC /* Build configuration list for PBXNativeTarget "AlliedRentACar" */ = {
			isa = XCConfigurationList;
			buildConfigurations = (
				A4F880291F0E198700FF0EEC /* Debug */,
				A4F8802A1F0E198700FF0EEC /* Release */,
			);
			defaultConfigurationIsVisible = 0;
			defaultConfigurationName = Release;
		};
		A4F8802B1F0E198700FF0EEC /* Build configuration list for PBXNativeTarget "AlliedRentACarUITests" */ = {
			isa = XCConfigurationList;
			buildConfigurations = (
				A4F8802C1F0E198700FF0EEC /* Debug */,
				A4F8802D1F0E198700FF0EEC /* Release */,
			);
			defaultConfigurationIsVisible = 0;
			defaultConfigurationName = Release;
		};
/* End XCConfigurationList section */
	};
	rootObject = A4F880031F0E198700FF0EEC /* Project object */;
}
